# This file is automatically @generated by Cargo.
# It is not intended for manual editing.
version = 4

[[package]]
name = "fandhe-silicon-contract"
version = "0.0.0"
dependencies = [
 "fandhe-silicon-core",
]

[[package]]
name = "fandhe-silicon-core"
version = "0.0.0"

[[package]]
name = "fandhe-silicon-exec"
version = "0.0.0"
dependencies = [
 "fandhe-silicon-core",
]

[[package]]
name = "fandhe-silicon-upper"
version = "0.0.0"
dependencies = [
 "fandhe-silicon-core",
 "fandhe-silicon-exec",
]
